{
  "version": 4,
  "terraform_version": "0.12.20",
  "serial": 7,
  "lineage": "fb0a3f5a-1533-cfae-e61b-f4b0c16ca3b1",
  "outputs": {},
  "resources": [
    {
      "module": "module.aws-lambda-backup",
      "mode": "data",
      "type": "archive_file",
      "name": "ebs-backup-py",
      "provider": "provider.archive",
      "instances": [
        {
          "schema_version": 0,
          "attributes": {
            "excludes": null,
            "id": "9095784aa24bbbcef494726a810d0446b52e89fa",
            "output_base64sha256": "7QYGdM0hEemf55MxbEj17tgf1wzFrrxLU+uveGSlcFQ=",
            "output_md5": "977d8ee71f228f59f9104d7f1c59363d",
            "output_path": "../modules/ebs-backup.zip",
            "output_sha": "9095784aa24bbbcef494726a810d0446b52e89fa",
            "output_size": 1451,
            "source": [],
            "source_content": null,
            "source_content_filename": null,
            "source_dir": null,
            "source_file": "../modules/ebs-backup.py",
            "type": "zip"
          }
        }
      ]
    },
    {
      "module": "module.aws-lambda-backup",
      "mode": "managed",
      "type": "aws_cloudwatch_event_rule",
      "name": "lambda_ebs_backup",
      "provider": "provider.aws",
      "instances": [
        {
          "schema_version": 0,
          "attributes": {
            "arn": "arn:aws:events:ap-south-1:401173277879:rule/lambda_ebs_backup",
            "description": "Run backups once a day",
            "event_pattern": null,
            "id": "lambda_ebs_backup",
            "is_enabled": true,
            "name": "lambda_ebs_backup",
            "name_prefix": null,
            "role_arn": "",
            "schedule_expression": "rate(1 day)",
            "tags": null
          },
          "private": "bnVsbA=="
        }
      ]
    },
    {
      "module": "module.aws-lambda-backup",
      "mode": "managed",
      "type": "aws_cloudwatch_event_target",
      "name": "lambda_ebs_backup",
      "provider": "provider.aws",
      "instances": [
        {
          "schema_version": 0,
          "attributes": {
            "arn": "arn:aws:lambda:ap-south-1:401173277879:function:ebs-backup",
            "batch_target": [],
            "ecs_target": [],
            "id": "lambda_ebs_backup-ebs-backup",
            "input": "",
            "input_path": "",
            "input_transformer": [],
            "kinesis_target": [],
            "role_arn": "",
            "rule": "lambda_ebs_backup",
            "run_command_targets": [],
            "sqs_target": [],
            "target_id": "ebs-backup"
          },
          "private": "bnVsbA==",
          "dependencies": [
            "module.aws-lambda-backup.aws_cloudwatch_event_rule.lambda_ebs_backup",
            "module.aws-lambda-backup.aws_iam_role.lambda_ebs_backup",
            "module.aws-lambda-backup.aws_lambda_function.lambda_ebs_backup"
          ]
        }
      ]
    },
    {
      "module": "module.aws-lambda-backup",
      "mode": "managed",
      "type": "aws_iam_role",
      "name": "lambda_ebs_backup",
      "provider": "provider.aws",
      "instances": [
        {
          "schema_version": 0,
          "attributes": {
            "arn": "arn:aws:iam::401173277879:role/lambda_ebs_backup",
            "assume_role_policy": "{\"Version\":\"2012-10-17\",\"Statement\":[{\"Sid\":\"\",\"Effect\":\"Allow\",\"Principal\":{\"Service\":\"lambda.amazonaws.com\"},\"Action\":\"sts:AssumeRole\"}]}",
            "create_date": "2020-07-30T15:45:56Z",
            "description": "",
            "force_detach_policies": false,
            "id": "lambda_ebs_backup",
            "max_session_duration": 3600,
            "name": "lambda_ebs_backup",
            "name_prefix": null,
            "path": "/",
            "permissions_boundary": null,
            "tags": null,
            "unique_id": "AROAV2Z6KNS3WBW37W7D7"
          },
          "private": "bnVsbA=="
        }
      ]
    },
    {
      "module": "module.aws-lambda-backup",
      "mode": "managed",
      "type": "aws_iam_role_policy",
      "name": "lambda_ebs_backup_policy",
      "provider": "provider.aws",
      "instances": [
        {
          "schema_version": 0,
          "attributes": {
            "id": "lambda_ebs_backup:lambda_ebs_backup_policy",
            "name": "lambda_ebs_backup_policy",
            "name_prefix": null,
            "policy": "{\r\n    \"Version\": \"2012-10-17\",\r\n    \"Statement\": [\r\n        {\r\n            \"Effect\": \"Allow\",\r\n            \"Action\": [\r\n                \"logs:CreateLogGroup\",\r\n                \"logs:CreateLogStream\",\r\n                \"logs:PutLogEvents\"\r\n            ],\r\n            \"Resource\": \"arn:aws:logs:*:*:*\"\r\n        },\r\n        {\r\n            \"Effect\": \"Allow\",\r\n            \"Action\": [\r\n                \"ec2:CreateSnapshot\",\r\n                \"ec2:CreateTags\",\r\n                \"ec2:DeleteSnapshot\",\r\n                \"ec2:DescribeInstances\",\r\n                \"ec2:DescribeSnapshots\"\r\n            ],\r\n            \"Resource\": \"*\"\r\n        }\r\n    ]\r\n}\r\n",
            "role": "lambda_ebs_backup"
          },
          "private": "bnVsbA==",
          "dependencies": [
            "module.aws-lambda-backup.aws_iam_role.lambda_ebs_backup"
          ]
        }
      ]
    },
    {
      "module": "module.aws-lambda-backup",
      "mode": "managed",
      "type": "aws_lambda_function",
      "name": "lambda_ebs_backup",
      "provider": "provider.aws",
      "instances": [
        {
          "schema_version": 0,
          "attributes": {
            "arn": "arn:aws:lambda:ap-south-1:401173277879:function:ebs-backup",
            "dead_letter_config": [],
            "description": "",
            "environment": [],
            "file_system_config": [],
            "filename": "../modules/ebs-backup.zip",
            "function_name": "ebs-backup",
            "handler": "ebs-backup.lambda_handler",
            "id": "ebs-backup",
            "invoke_arn": "arn:aws:apigateway:ap-south-1:lambda:path/2015-03-31/functions/arn:aws:lambda:ap-south-1:401173277879:function:ebs-backup/invocations",
            "kms_key_arn": "",
            "last_modified": "2020-07-30T15:46:14.040+0000",
            "layers": null,
            "memory_size": 128,
            "publish": false,
            "qualified_arn": "arn:aws:lambda:ap-south-1:401173277879:function:ebs-backup:$LATEST",
            "reserved_concurrent_executions": -1,
            "role": "arn:aws:iam::401173277879:role/lambda_ebs_backup",
            "runtime": "python3.6",
            "s3_bucket": null,
            "s3_key": null,
            "s3_object_version": null,
            "source_code_hash": "7QYGdM0hEemf55MxbEj17tgf1wzFrrxLU+uveGSlcFQ=",
            "source_code_size": 1451,
            "tags": null,
            "timeout": 60,
            "timeouts": null,
            "tracing_config": [
              {
                "mode": "PassThrough"
              }
            ],
            "version": "$LATEST",
            "vpc_config": []
          },
          "private": "eyJlMmJmYjczMC1lY2FhLTExZTYtOGY4OC0zNDM2M2JjN2M0YzAiOnsiY3JlYXRlIjo2MDAwMDAwMDAwMDB9fQ==",
          "dependencies": [
            "module.aws-lambda-backup.aws_iam_role.lambda_ebs_backup"
          ]
        }
      ]
    },
    {
      "module": "module.aws-lambda-backup",
      "mode": "managed",
      "type": "aws_lambda_permission",
      "name": "lambda_ebs_backup",
      "provider": "provider.aws",
      "instances": [
        {
          "schema_version": 0,
          "attributes": {
            "action": "lambda:InvokeFunction",
            "event_source_token": null,
            "function_name": "ebs-backup",
            "id": "AllowExecutionFromCloudWatch",
            "principal": "events.amazonaws.com",
            "qualifier": "",
            "source_account": null,
            "source_arn": "arn:aws:events:ap-south-1:401173277879:rule/lambda_ebs_backup",
            "statement_id": "AllowExecutionFromCloudWatch",
            "statement_id_prefix": null
          },
          "private": "bnVsbA==",
          "dependencies": [
            "module.aws-lambda-backup.aws_cloudwatch_event_rule.lambda_ebs_backup",
            "module.aws-lambda-backup.aws_iam_role.lambda_ebs_backup",
            "module.aws-lambda-backup.aws_lambda_function.lambda_ebs_backup"
          ]
        }
      ]
    }
  ]
}
